
Microsoft Visual Studio Solution File, Format Version 12.00
# Visual Studio Version 16
VisualStudioVersion = 16.0.31515.178
MinimumVisualStudioVersion = 10.0.40219.1
Project("{FAE04EC0-301F-11D3-BF4B-00C04F79EFBC}") = "WhoAmIBot", "WhoAmIBot\WhoAmIBot.csproj", "{BC4059AA-80EE-4E63-BFA2-A340644AF78D}"
EndProject
Project("{FAE04EC0-301F-11D3-BF4B-00C04F79EFBC}") = "WhoAmIBotNode", "WhoAmIBotNode\WhoAmIBotNode.csproj", "{C6802A38-760F-4E9C-A28C-607AD9ED66B1}"
EndProject
Project("{FAE04EC0-301F-11D3-BF4B-00C04F79EFBC}") = "ControlUpdater", "ControlUpdater\ControlUpdater.csproj", "{4CA0144D-EC95-4069-8001-2640D31CE70B}"
EndProject
Global
	GlobalSection(SolutionConfigurationPlatforms) = preSolution
		Debug|Any CPU = Debug|Any CPU
		Release|Any CPU = Release|Any CPU
	EndGlobalSection
	GlobalSection(ProjectConfigurationPlatforms) = postSolution
		{BC4059AA-80EE-4E63-BFA2-A340644AF78D}.Debug|Any CPU.ActiveCfg = Debug|Any CPU
		{BC4059AA-80EE-4E63-BFA2-A340644AF78D}.Debug|Any CPU.Build.0 = Debug|Any CPU
		{BC4059AA-80EE-4E63-BFA2-A340644AF78D}.Release|Any CPU.ActiveCfg = Release|Any CPU
		{BC4059AA-80EE-4E63-BFA2-A340644AF78D}.Release|Any CPU.Build.0 = Release|Any CPU
		{C6802A38-760F-4E9C-A28C-607AD9ED66B1}.Debug|Any CPU.ActiveCfg = Debug|Any CPU
		{C6802A38-760F-4E9C-A28C-607AD9ED66B1}.Debug|Any CPU.Build.0 = Debug|Any CPU
		{C6802A38-760F-4E9C-A28C-607AD9ED66B1}.Release|Any CPU.ActiveCfg = Release|Any CPU
		{C6802A38-760F-4E9C-A28C-607AD9ED66B1}.Release|Any CPU.Build.0 = Release|Any CPU
		{4CA0144D-EC95-4069-8001-2640D31CE70B}.Debug|Any CPU.ActiveCfg = Debug|Any CPU
		{4CA0144D-EC95-4069-8001-2640D31CE70B}.Debug|Any CPU.Build.0 = Debug|Any CPU
		{4CA0144D-EC95-4069-8001-2640D31CE70B}.Release|Any CPU.ActiveCfg = Release|Any CPU
		{4CA0144D-EC95-4069-8001-2640D31CE70B}.Release|Any CPU.Build.0 = Release|Any CPU
	EndGlobalSection
	GlobalSection(SolutionProperties) = preSolution
		HideSolutionNode = FALSE
	EndGlobalSection
	GlobalSection(ExtensibilityGlobals) = postSolution
		SolutionGuid = {0D3FCF82-A2E1-4118-BDE2-41934D13569C}
	EndGlobalSection
EndGlobal
